
Microsoft Visual Studio Solution File, Format Version 12.00
# Visual Studio Version 17
VisualStudioVersion = 17.7.34031.279
MinimumVisualStudioVersion = 10.0.40219.1
Project("{FAE04EC0-301F-11D3-BF4B-00C04F79EFBC}") = "Delegates", "Delegates.csproj", "{2FE3B816-9AB3-44BB-A5BF-57A3E41A34B3}"
EndProject
Global
	GlobalSection(SolutionConfigurationPlatforms) = preSolution
		Debug|Any CPU = Debug|Any CPU
		Release|Any CPU = Release|Any CPU
	EndGlobalSection
	GlobalSection(ProjectConfigurationPlatforms) = postSolution
		{2FE3B816-9AB3-44BB-A5BF-57A3E41A34B3}.Debug|Any CPU.ActiveCfg = Debug|Any CPU
		{2FE3B816-9AB3-44BB-A5BF-57A3E41A34B3}.Debug|Any CPU.Build.0 = Debug|Any CPU
		{2FE3B816-9AB3-44BB-A5BF-57A3E41A34B3}.Release|Any CPU.ActiveCfg = Release|Any CPU
		{2FE3B816-9AB3-44BB-A5BF-57A3E41A34B3}.Release|Any CPU.Build.0 = Release|Any CPU
	EndGlobalSection
	GlobalSection(SolutionProperties) = preSolution
		HideSolutionNode = FALSE
	EndGlobalSection
	GlobalSection(ExtensibilityGlobals) = postSolution
		SolutionGuid = {E1C7C16E-F032-45E3-ACA2-04261FAE28E4}
	EndGlobalSection
EndGlobal
